# THIS IS AN AUTOGENERATED FILE. DO NOT EDIT THIS FILE DIRECTLY.
# yarn lockfile v1


apache-crypt@^1.1.2:
  version "1.2.5"
  resolved "https://registry.yarnpkg.com/apache-crypt/-/apache-crypt-1.2.5.tgz#4eb6b6dbaed2041ce5bc2d802f4421f5fdadc25e"
  integrity sha512-ICnYQH+DFVmw+S4Q0QY2XRXD8Ne8ewh8HgbuFH4K7022zCxgHM0Hz1xkRnUlEfAXNbwp1Cnhbedu60USIfDxvg==
  dependencies:
    unix-crypt-td-js "^1.1.4"

apache-md5@^1.0.6:
  version "1.1.7"
  resolved "https://registry.yarnpkg.com/apache-md5/-/apache-md5-1.1.7.tgz#dcef1802700cc231d60c5e08fd088f2f9b36375a"
  integrity sha512-JtHjzZmJxtzfTSjsCyHgPR155HBe5WGyUyHTaEkfy46qhwCFKx1Epm6nAxgUG3WfUZP1dWhGqj9Z2NOBeZ+uBw==

bcryptjs@^2.4.3:
  version "2.4.3"
  resolved "https://registry.yarnpkg.com/bcryptjs/-/bcryptjs-2.4.3.tgz#9ab5627b93e60621ff7cdac5da9733027df1d0cb"
  integrity sha1-mrVie5PmBiH/fNrF2pczAn3x0Ms=

http-auth@4.1.9:
  version "4.1.9"
  resolved "https://registry.yarnpkg.com/http-auth/-/http-auth-4.1.9.tgz#9f3204422a1d6ee53122c041711e61e8303a323e"
  integrity sha512-kvPYxNGc9EKGTXvOMnTBQw2RZfuiSihK/mLw/a4pbtRueTE45S55Lw/3k5CktIf7Ak0veMKEIteDj4YkNmCzmQ==
  dependencies:
    apache-crypt "^1.1.2"
    apache-md5 "^1.0.6"
    bcryptjs "^2.4.3"
    uuid "^8.3.2"

unix-crypt-td-js@^1.1.4:
  version "1.1.4"
  resolved "https://registry.yarnpkg.com/unix-crypt-td-js/-/unix-crypt-td-js-1.1.4.tgz#4912dfad1c8aeb7d20fa0a39e4c31918c1d5d5dd"
  integrity sha512-8rMeVYWSIyccIJscb9NdCfZKSRBKYTeVnwmiRYT2ulE3qd1RaDQ0xQDP+rI3ccIWbhu/zuo5cgN8z73belNZgw==

uuid@^8.3.2:
  version "8.3.2"
  resolved "https://registry.yarnpkg.com/uuid/-/uuid-8.3.2.tgz#80d5b5ced271bb9af6c445f21a1a04c606cefbe2"
  integrity sha512-+NYs2QeMWy+GWFOEm9xnn6HCDp0l7QBD7ml8zLUmJ+93Q5NF0NocErnwkTkXVFNiX3/fpC6afS8Dhb/gz7R7eg==
